
Microsoft Visual Studio Solution File, Format Version 12.00
# Visual Studio Version 17
VisualStudioVersion = 17.8.34511.84
MinimumVisualStudioVersion = 10.0.40219.1
Project("{9A19103F-16F7-4668-BE54-9A1E7A4F7556}") = "backends", "backends\backends.csproj", "{0C66AEAE-F38D-48ED-BB36-2EAE35EC767B}"
EndProject
Global
	GlobalSection(SolutionConfigurationPlatforms) = preSolution
		Debug|Any CPU = Debug|Any CPU
		Release|Any CPU = Release|Any CPU
	EndGlobalSection
	GlobalSection(ProjectConfigurationPlatforms) = postSolution
		{0C66AEAE-F38D-48ED-BB36-2EAE35EC767B}.Debug|Any CPU.ActiveCfg = Debug|Any CPU
		{0C66AEAE-F38D-48ED-BB36-2EAE35EC767B}.Debug|Any CPU.Build.0 = Debug|Any CPU
		{0C66AEAE-F38D-48ED-BB36-2EAE35EC767B}.Release|Any CPU.ActiveCfg = Release|Any CPU
		{0C66AEAE-F38D-48ED-BB36-2EAE35EC767B}.Release|Any CPU.Build.0 = Release|Any CPU
	EndGlobalSection
	GlobalSection(SolutionProperties) = preSolution
		HideSolutionNode = FALSE
	EndGlobalSection
	GlobalSection(ExtensibilityGlobals) = postSolution
		SolutionGuid = {ED2C9D3C-DC00-4249-A23D-7E87598E6AA9}
	EndGlobalSection
EndGlobal
